// !$*UTF8*$!
{
	archiveVersion = 1;
	classes = {
	};
	objectVersion = 46;
	objects = {

/* Begin PBXAggregateTarget section */
		2F99FBDE47704F998C0367C8 /* ALL_BUILD */ = {
			isa = PBXAggregateTarget;
			buildConfigurationList = AAFFD39620204C9FA543DD7A /* Build configuration list for PBXAggregateTarget "ALL_BUILD" */;
			buildPhases = (
				7DFB894175184FB8A5C16EC4 /* CMake Rules */,
			);
			dependencies = (
				4878DBF0EE5E49A0866F27D9 /* PBXTargetDependency */,
				269ECAB7C6E34546BEB3CDEF /* PBXTargetDependency */,
			);
			name = ALL_BUILD;
			productName = ALL_BUILD;
		};
		3D9F403D013546BF8AA3FE9A /* install */ = {
			isa = PBXAggregateTarget;
			buildConfigurationList = DD1B26D1E9F14EACA95851EE /* Build configuration list for PBXAggregateTarget "install" */;
			buildPhases = (
				2E80692C9F8F42D6B75692EE /* CMake PostBuild Rules */,
			);
			dependencies = (
				B2C7AF4948894F929B37A637 /* PBXTargetDependency */,
			);
			name = install;
			productName = install;
		};
		4D8CE0EA5D304B8B86E2E1E4 /* ZERO_CHECK */ = {
			isa = PBXAggregateTarget;
			buildConfigurationList = 7D328641B3744146A96AA2DF /* Build configuration list for PBXAggregateTarget "ZERO_CHECK" */;
			buildPhases = (
				440DDDFC5BF04BEA94D99A9E /* CMake Rules */,
			);
			dependencies = (
			);
			name = ZERO_CHECK;
			productName = ZERO_CHECK;
		};
		721F0EBC4DE347ECB4A1E79A /* RUN_TESTS */ = {
			isa = PBXAggregateTarget;
			buildConfigurationList = 838D5FBB92804448A3C057B5 /* Build configuration list for PBXAggregateTarget "RUN_TESTS" */;
			buildPhases = (
				A4E551E9859B40CCB5E6837B /* CMake PostBuild Rules */,
			);
			dependencies = (
			);
			name = RUN_TESTS;
			productName = RUN_TESTS;
		};
/* End PBXAggregateTarget section */

/* Begin PBXBuildFile section */
		3D2B4D1F234CE2070063C143 /* output_functions.cpp in Sources */ = {isa = PBXBuildFile; fileRef = 3D2B4D1D234CE2070063C143 /* output_functions.cpp */; };
		3D2B4D22234CE5F40063C143 /* tree_node.cpp in Sources */ = {isa = PBXBuildFile; fileRef = 3D2B4D20234CE5F40063C143 /* tree_node.cpp */; };
		52FDC7ED8DC545A29B7A7BC6 /* data_utils.cpp in Sources */ = {isa = PBXBuildFile; fileRef = B0E0D22DDF8C4142A0F8C9B8 /* data_utils.cpp */; };
		6BC5A3EF69D34741B2DB4035 /* poppulation.cpp in Sources */ = {isa = PBXBuildFile; fileRef = 50C4BE5CD9B846818B14C88E /* poppulation.cpp */; };
		8256F7F41D054CF1A10138E7 /* eigen.cpp in Sources */ = {isa = PBXBuildFile; fileRef = 7577A9CD15EA4E9B86956C10 /* eigen.cpp */; };
		A1E30180B4A34519A820594C /* main.cpp in Sources */ = {isa = PBXBuildFile; fileRef = 6D61294C71CC4165919A29A4 /* main.cpp */; };
		A5EBF33043F8494EA7034412 /* utils.cpp in Sources */ = {isa = PBXBuildFile; fileRef = BC8D44AB2BEF41C38BA4DD73 /* utils.cpp */; };
		A709C81175EF45ECABDA29E4 /* mutationModel.cpp in Sources */ = {isa = PBXBuildFile; fileRef = E854D0A7CC394C63B08D4E7A /* mutationModel.cpp */; };
		B76B70B93DE04B7B94C20133 /* random.cpp in Sources */ = {isa = PBXBuildFile; fileRef = E37E632A728C4DE3A491B295 /* random.cpp */; };
/* End PBXBuildFile section */

/* Begin PBXContainerItemProxy section */
		2AA365C0081140AB985FE9AB /* PBXContainerItemProxy */ = {
			isa = PBXContainerItemProxy;
			containerPortal = 38E0020158184F84A8DDC98B /* Project object */;
			proxyType = 1;
			remoteGlobalIDString = 05318EB743DE4CC4A6BF5913;
			remoteInfo = simul;
		};
		B21B9B9FCFD0420F89E87804 /* PBXContainerItemProxy */ = {
			isa = PBXContainerItemProxy;
			containerPortal = 38E0020158184F84A8DDC98B /* Project object */;
			proxyType = 1;
			remoteGlobalIDString = 2F99FBDE47704F998C0367C8;
			remoteInfo = ALL_BUILD;
		};
		C22CC75321F54E8FA812DF5F /* PBXContainerItemProxy */ = {
			isa = PBXContainerItemProxy;
			containerPortal = 38E0020158184F84A8DDC98B /* Project object */;
			proxyType = 1;
			remoteGlobalIDString = 4D8CE0EA5D304B8B86E2E1E4;
			remoteInfo = ZERO_CHECK;
		};
		CA510C2167064C718F4BCE65 /* PBXContainerItemProxy */ = {
			isa = PBXContainerItemProxy;
			containerPortal = 38E0020158184F84A8DDC98B /* Project object */;
			proxyType = 1;
			remoteGlobalIDString = 4D8CE0EA5D304B8B86E2E1E4;
			remoteInfo = ZERO_CHECK;
		};
/* End PBXContainerItemProxy section */

/* Begin PBXFileReference section */
		02B5DD8154D54DCBB22C2065 /* tumorcellcoal.h */ = {isa = PBXFileReference; explicitFileType = sourcecode.c.h; fileEncoding = 4; name = tumorcellcoal.h; path = simul/tumorcellcoal.h; sourceTree = SOURCE_ROOT; };
		0933A078588340E8BCE06E1B /* definitions.hpp */ = {isa = PBXFileReference; explicitFileType = sourcecode.cpp.h; fileEncoding = 4; name = definitions.hpp; path = simul/definitions.hpp; sourceTree = SOURCE_ROOT; };
		2CD9F953D3EC4DD588724532 /* simul */ = {isa = PBXFileReference; explicitFileType = "compiled.mach-o.executable"; path = simul; sourceTree = BUILT_PRODUCTS_DIR; };
		31A2A3120E6A453A994C59F6 /* utils.hpp */ = {isa = PBXFileReference; explicitFileType = sourcecode.cpp.h; fileEncoding = 4; name = utils.hpp; path = simul/utils.hpp; sourceTree = SOURCE_ROOT; };
		3D2B4D1D234CE2070063C143 /* output_functions.cpp */ = {isa = PBXFileReference; lastKnownFileType = sourcecode.cpp.cpp; name = output_functions.cpp; path = simul/output_functions.cpp; sourceTree = "<group>"; };
		3D2B4D1E234CE2070063C143 /* output_functions.hpp */ = {isa = PBXFileReference; lastKnownFileType = sourcecode.cpp.h; name = output_functions.hpp; path = simul/output_functions.hpp; sourceTree = "<group>"; };
		3D2B4D20234CE5F40063C143 /* tree_node.cpp */ = {isa = PBXFileReference; lastKnownFileType = sourcecode.cpp.cpp; name = tree_node.cpp; path = simul/tree_node.cpp; sourceTree = "<group>"; };
		3D2B4D21234CE5F40063C143 /* tree_node.hpp */ = {isa = PBXFileReference; lastKnownFileType = sourcecode.cpp.h; name = tree_node.hpp; path = simul/tree_node.hpp; sourceTree = "<group>"; };
		50C4BE5CD9B846818B14C88E /* poppulation.cpp */ = {isa = PBXFileReference; explicitFileType = sourcecode.cpp.cpp; fileEncoding = 4; name = poppulation.cpp; path = simul/poppulation.cpp; sourceTree = SOURCE_ROOT; };
		6D61294C71CC4165919A29A4 /* main.cpp */ = {isa = PBXFileReference; explicitFileType = sourcecode.cpp.cpp; fileEncoding = 4; name = main.cpp; path = simul/main.cpp; sourceTree = SOURCE_ROOT; };
		6D8D774205E1436CAA829674 /* prior.h */ = {isa = PBXFileReference; explicitFileType = sourcecode.c.h; fileEncoding = 4; name = prior.h; path = simul/prior.h; sourceTree = SOURCE_ROOT; };
		7577A9CD15EA4E9B86956C10 /* eigen.cpp */ = {isa = PBXFileReference; explicitFileType = sourcecode.cpp.cpp; fileEncoding = 4; name = eigen.cpp; path = simul/eigen.cpp; sourceTree = SOURCE_ROOT; };
		857D087E282D44D5AD695FF7 /* CMakeLists.txt */ = {isa = PBXFileReference; explicitFileType = sourcecode.text; fileEncoding = 4; lastKnownFileType = text; path = CMakeLists.txt; sourceTree = SOURCE_ROOT; };
		85EF46E1066E4347B75AF761 /* pllmod_common.h */ = {isa = PBXFileReference; explicitFileType = sourcecode.c.h; fileEncoding = 4; name = pllmod_common.h; path = simul/pllmod_common.h; sourceTree = SOURCE_ROOT; };
		92285CE9ACE44C7B9A419B3E /* eigen.hpp */ = {isa = PBXFileReference; explicitFileType = sourcecode.cpp.h; fileEncoding = 4; name = eigen.hpp; path = simul/eigen.hpp; sourceTree = SOURCE_ROOT; };
		9F89FC7A4B2345488538DEA4 /* data_types.hpp */ = {isa = PBXFileReference; explicitFileType = sourcecode.cpp.h; fileEncoding = 4; name = data_types.hpp; path = simul/data_types.hpp; sourceTree = SOURCE_ROOT; };
		A23DEE12B2514C0FBDEC1820 /* CMakeLists.txt */ = {isa = PBXFileReference; explicitFileType = sourcecode.text; fileEncoding = 4; lastKnownFileType = text; name = CMakeLists.txt; path = simul/CMakeLists.txt; sourceTree = SOURCE_ROOT; };
		A474602EE32F4349B7BBC2B4 /* constants.hpp */ = {isa = PBXFileReference; explicitFileType = sourcecode.cpp.h; fileEncoding = 4; name = constants.hpp; path = simul/constants.hpp; sourceTree = SOURCE_ROOT; };
		A633CC2AAB2A440598FA6F50 /* poppulation.hpp */ = {isa = PBXFileReference; explicitFileType = sourcecode.cpp.h; fileEncoding = 4; name = poppulation.hpp; path = simul/poppulation.hpp; sourceTree = SOURCE_ROOT; };
		B0E0D22DDF8C4142A0F8C9B8 /* data_utils.cpp */ = {isa = PBXFileReference; explicitFileType = sourcecode.cpp.cpp; fileEncoding = 4; name = data_utils.cpp; path = simul/data_utils.cpp; sourceTree = SOURCE_ROOT; };
		B731FEAE79EB4571AF332051 /* random.h */ = {isa = PBXFileReference; explicitFileType = sourcecode.c.h; fileEncoding = 4; name = random.h; path = simul/random.h; sourceTree = SOURCE_ROOT; };
		BC8D44AB2BEF41C38BA4DD73 /* utils.cpp */ = {isa = PBXFileReference; explicitFileType = sourcecode.cpp.cpp; fileEncoding = 4; name = utils.cpp; path = simul/utils.cpp; sourceTree = SOURCE_ROOT; };
		C7780C6105734FEB9473E847 /* data_utils.hpp */ = {isa = PBXFileReference; explicitFileType = sourcecode.cpp.h; fileEncoding = 4; name = data_utils.hpp; path = simul/data_utils.hpp; sourceTree = SOURCE_ROOT; };
		E310F9C8EFBB4C708D900BD9 /* mutationModel.h */ = {isa = PBXFileReference; explicitFileType = sourcecode.c.h; fileEncoding = 4; name = mutationModel.h; path = simul/mutationModel.h; sourceTree = SOURCE_ROOT; };
		E37E632A728C4DE3A491B295 /* random.cpp */ = {isa = PBXFileReference; explicitFileType = sourcecode.cpp.cpp; fileEncoding = 4; name = random.cpp; path = simul/random.cpp; sourceTree = SOURCE_ROOT; };
		E854D0A7CC394C63B08D4E7A /* mutationModel.cpp */ = {isa = PBXFileReference; explicitFileType = sourcecode.cpp.cpp; fileEncoding = 4; name = mutationModel.cpp; path = simul/mutationModel.cpp; sourceTree = SOURCE_ROOT; };
		E8F1D8EE2B28473BB2189061 /* tree.h */ = {isa = PBXFileReference; explicitFileType = sourcecode.c.h; fileEncoding = 4; name = tree.h; path = simul/tree.h; sourceTree = SOURCE_ROOT; };
/* End PBXFileReference section */

/* Begin PBXGroup section */
		1C101AB7D8D24AEB99B8312C /* Products */ = {
			isa = PBXGroup;
			children = (
				2CD9F953D3EC4DD588724532 /* simul */,
			);
			name = Products;
			sourceTree = "<group>";
		};
		221364FB61344D1D92FAA217 = {
			isa = PBXGroup;
			children = (
				8F062968BEC74364A724F70E /* ALL_BUILD */,
				766BB2A1C8F24886A137799D /* simul */,
				1C101AB7D8D24AEB99B8312C /* Products */,
			);
			sourceTree = "<group>";
		};
		46A71C54B5AC48F48228A02E /* Source Files */ = {
			isa = PBXGroup;
			children = (
				B0E0D22DDF8C4142A0F8C9B8 /* data_utils.cpp */,
				7577A9CD15EA4E9B86956C10 /* eigen.cpp */,
				6D61294C71CC4165919A29A4 /* main.cpp */,
				E854D0A7CC394C63B08D4E7A /* mutationModel.cpp */,
				3D2B4D1D234CE2070063C143 /* output_functions.cpp */,
				50C4BE5CD9B846818B14C88E /* poppulation.cpp */,
				E37E632A728C4DE3A491B295 /* random.cpp */,
				3D2B4D20234CE5F40063C143 /* tree_node.cpp */,
				BC8D44AB2BEF41C38BA4DD73 /* utils.cpp */,
			);
			name = "Source Files";
			sourceTree = "<group>";
		};
		75684979032B44038AE54EF9 /* Header Files */ = {
			isa = PBXGroup;
			children = (
				A474602EE32F4349B7BBC2B4 /* constants.hpp */,
				3D2B4D1E234CE2070063C143 /* output_functions.hpp */,
				3D2B4D21234CE5F40063C143 /* tree_node.hpp */,
				9F89FC7A4B2345488538DEA4 /* data_types.hpp */,
				C7780C6105734FEB9473E847 /* data_utils.hpp */,
				0933A078588340E8BCE06E1B /* definitions.hpp */,
				92285CE9ACE44C7B9A419B3E /* eigen.hpp */,
				E310F9C8EFBB4C708D900BD9 /* mutationModel.h */,
				85EF46E1066E4347B75AF761 /* pllmod_common.h */,
				A633CC2AAB2A440598FA6F50 /* poppulation.hpp */,
				6D8D774205E1436CAA829674 /* prior.h */,
				B731FEAE79EB4571AF332051 /* random.h */,
				E8F1D8EE2B28473BB2189061 /* tree.h */,
				02B5DD8154D54DCBB22C2065 /* tumorcellcoal.h */,
				31A2A3120E6A453A994C59F6 /* utils.hpp */,
			);
			name = "Header Files";
			sourceTree = "<group>";
		};
		766BB2A1C8F24886A137799D /* simul */ = {
			isa = PBXGroup;
			children = (
				75684979032B44038AE54EF9 /* Header Files */,
				46A71C54B5AC48F48228A02E /* Source Files */,
				A23DEE12B2514C0FBDEC1820 /* CMakeLists.txt */,
			);
			name = simul;
			sourceTree = "<group>";
		};
		8817803F90164589B737A50F /* CMake Rules */ = {
			isa = PBXGroup;
			children = (
			);
			name = "CMake Rules";
			sourceTree = "<group>";
		};
		8F062968BEC74364A724F70E /* ALL_BUILD */ = {
			isa = PBXGroup;
			children = (
				8817803F90164589B737A50F /* CMake Rules */,
				857D087E282D44D5AD695FF7 /* CMakeLists.txt */,
			);
			name = ALL_BUILD;
			sourceTree = "<group>";
		};
/* End PBXGroup section */

/* Begin PBXNativeTarget section */
		05318EB743DE4CC4A6BF5913 /* simul */ = {
			isa = PBXNativeTarget;
			buildConfigurationList = 7149A24E82684CC2A49C531E /* Build configuration list for PBXNativeTarget "simul" */;
			buildPhases = (
				7D842FE78FB0485EAE5DFBFE /* Sources */,
			);
			buildRules = (
			);
			dependencies = (
				E11F1623FE9B40D7B8115940 /* PBXTargetDependency */,
			);
			name = simul;
			productName = simul;
			productReference = 2CD9F953D3EC4DD588724532 /* simul */;
			productType = "com.apple.product-type.tool";
		};
/* End PBXNativeTarget section */

/* Begin PBXProject section */
		38E0020158184F84A8DDC98B /* Project object */ = {
			isa = PBXProject;
			attributes = {
				BuildIndependentTargetsInParallel = YES;
				LastUpgradeCheck = 0920;
			};
			buildConfigurationList = 6E1978C6A2BE4F898EC80442 /* Build configuration list for PBXProject "tumor_coal" */;
			compatibilityVersion = "Xcode 3.2";
			developmentRegion = en;
			hasScannedForEncodings = 0;
			knownRegions = (
				en,
			);
			mainGroup = 221364FB61344D1D92FAA217;
			projectDirPath = ../;
			projectRoot = "";
			targets = (
				2F99FBDE47704F998C0367C8 /* ALL_BUILD */,
				721F0EBC4DE347ECB4A1E79A /* RUN_TESTS */,
				4D8CE0EA5D304B8B86E2E1E4 /* ZERO_CHECK */,
				3D9F403D013546BF8AA3FE9A /* install */,
				05318EB743DE4CC4A6BF5913 /* simul */,
			);
		};
/* End PBXProject section */

/* Begin PBXShellScriptBuildPhase section */
		2E80692C9F8F42D6B75692EE /* CMake PostBuild Rules */ = {
			isa = PBXShellScriptBuildPhase;
			buildActionMask = 2147483647;
			files = (
			);
			name = "CMake PostBuild Rules";
			runOnlyForDeploymentPostprocessing = 0;
			shellPath = /bin/sh;
			shellScript = "make -C /Users/seonghwanjun/Dropbox/Research/single-cell-research/repos/tumor_coal/xcode -f /Users/seonghwanjun/Dropbox/Research/single-cell-research/repos/tumor_coal/xcode/CMakeScripts/install_postBuildPhase.make$CONFIGURATION all";
			showEnvVarsInLog = 0;
		};
		440DDDFC5BF04BEA94D99A9E /* CMake Rules */ = {
			isa = PBXShellScriptBuildPhase;
			buildActionMask = 2147483647;
			files = (
			);
			name = "CMake Rules";
			runOnlyForDeploymentPostprocessing = 0;
			shellPath = /bin/sh;
			shellScript = "make -C /Users/seonghwanjun/Dropbox/Research/single-cell-research/repos/tumor_coal/xcode -f /Users/seonghwanjun/Dropbox/Research/single-cell-research/repos/tumor_coal/xcode/CMakeScripts/ZERO_CHECK_cmakeRulesBuildPhase.make$CONFIGURATION all";
			showEnvVarsInLog = 0;
		};
		7DFB894175184FB8A5C16EC4 /* CMake Rules */ = {
			isa = PBXShellScriptBuildPhase;
			buildActionMask = 2147483647;
			files = (
			);
			name = "CMake Rules";
			runOnlyForDeploymentPostprocessing = 0;
			shellPath = /bin/sh;
			shellScript = "make -C /Users/seonghwanjun/Dropbox/Research/single-cell-research/repos/tumor_coal/xcode -f /Users/seonghwanjun/Dropbox/Research/single-cell-research/repos/tumor_coal/xcode/CMakeScripts/ALL_BUILD_cmakeRulesBuildPhase.make$CONFIGURATION all";
			showEnvVarsInLog = 0;
		};
		A4E551E9859B40CCB5E6837B /* CMake PostBuild Rules */ = {
			isa = PBXShellScriptBuildPhase;
			buildActionMask = 2147483647;
			files = (
			);
			name = "CMake PostBuild Rules";
			runOnlyForDeploymentPostprocessing = 0;
			shellPath = /bin/sh;
			shellScript = "make -C /Users/seonghwanjun/Dropbox/Research/single-cell-research/repos/tumor_coal/xcode -f /Users/seonghwanjun/Dropbox/Research/single-cell-research/repos/tumor_coal/xcode/CMakeScripts/RUN_TESTS_postBuildPhase.make$CONFIGURATION all";
			showEnvVarsInLog = 0;
		};
/* End PBXShellScriptBuildPhase section */

/* Begin PBXSourcesBuildPhase section */
		7D842FE78FB0485EAE5DFBFE /* Sources */ = {
			isa = PBXSourcesBuildPhase;
			buildActionMask = 2147483647;
			files = (
				52FDC7ED8DC545A29B7A7BC6 /* data_utils.cpp in Sources */,
				8256F7F41D054CF1A10138E7 /* eigen.cpp in Sources */,
				A1E30180B4A34519A820594C /* main.cpp in Sources */,
				A709C81175EF45ECABDA29E4 /* mutationModel.cpp in Sources */,
				6BC5A3EF69D34741B2DB4035 /* poppulation.cpp in Sources */,
				3D2B4D22234CE5F40063C143 /* tree_node.cpp in Sources */,
				B76B70B93DE04B7B94C20133 /* random.cpp in Sources */,
				3D2B4D1F234CE2070063C143 /* output_functions.cpp in Sources */,
				A5EBF33043F8494EA7034412 /* utils.cpp in Sources */,
			);
			runOnlyForDeploymentPostprocessing = 0;
		};
/* End PBXSourcesBuildPhase section */

/* Begin PBXTargetDependency section */
		269ECAB7C6E34546BEB3CDEF /* PBXTargetDependency */ = {
			isa = PBXTargetDependency;
			target = 4D8CE0EA5D304B8B86E2E1E4 /* ZERO_CHECK */;
			targetProxy = C22CC75321F54E8FA812DF5F /* PBXContainerItemProxy */;
		};
		4878DBF0EE5E49A0866F27D9 /* PBXTargetDependency */ = {
			isa = PBXTargetDependency;
			target = 05318EB743DE4CC4A6BF5913 /* simul */;
			targetProxy = 2AA365C0081140AB985FE9AB /* PBXContainerItemProxy */;
		};
		B2C7AF4948894F929B37A637 /* PBXTargetDependency */ = {
			isa = PBXTargetDependency;
			target = 2F99FBDE47704F998C0367C8 /* ALL_BUILD */;
			targetProxy = B21B9B9FCFD0420F89E87804 /* PBXContainerItemProxy */;
		};
		E11F1623FE9B40D7B8115940 /* PBXTargetDependency */ = {
			isa = PBXTargetDependency;
			target = 4D8CE0EA5D304B8B86E2E1E4 /* ZERO_CHECK */;
			targetProxy = CA510C2167064C718F4BCE65 /* PBXContainerItemProxy */;
		};
/* End PBXTargetDependency section */

/* Begin XCBuildConfiguration section */
		06DC83B86A0643E0B5201CB6 /* RelWithDebInfo */ = {
			isa = XCBuildConfiguration;
			buildSettings = {
				ONLY_ACTIVE_ARCH = YES;
				SDKROOT = /Applications/Xcode.app/Contents/Developer/Platforms/MacOSX.platform/Developer/SDKs/MacOSX10.13.sdk;
				SYMROOT = "/Users/seonghwanjun/Dropbox/Research/single-cell-research/repos/tumor_coal/xcode/build";
			};
			name = RelWithDebInfo;
		};
		0F77A57E569147A4BD600009 /* Debug */ = {
			isa = XCBuildConfiguration;
			buildSettings = {
				COMBINE_HIDPI_IMAGES = YES;
				GCC_GENERATE_DEBUGGING_SYMBOLS = YES;
				GCC_INLINES_ARE_PRIVATE_EXTERN = NO;
				GCC_OPTIMIZATION_LEVEL = 0;
				GCC_PREPROCESSOR_DEFINITIONS = "'CMAKE_INTDIR=\"$(CONFIGURATION)$(EFFECTIVE_PLATFORM_NAME)\"'";
				GCC_SYMBOLS_PRIVATE_EXTERN = NO;
				INSTALL_PATH = "";
				OTHER_LDFLAGS = " ";
				OTHER_REZFLAGS = "";
				PRODUCT_NAME = RUN_TESTS;
				SECTORDER_FLAGS = "";
				SYMROOT = "/Users/seonghwanjun/Dropbox/Research/single-cell-research/repos/tumor_coal/xcode";
				USE_HEADERMAP = NO;
				WARNING_CFLAGS = (
					"-Wmost",
					"-Wno-four-char-constants",
					"-Wno-unknown-pragmas",
					"$(inherited)",
				);
			};
			name = Debug;
		};
		16D66C7F1100401BA1AAA25D /* RelWithDebInfo */ = {
			isa = XCBuildConfiguration;
			buildSettings = {
				COMBINE_HIDPI_IMAGES = YES;
				EXECUTABLE_PREFIX = "";
				EXECUTABLE_SUFFIX = "";
				GCC_GENERATE_DEBUGGING_SYMBOLS = YES;
				GCC_INLINES_ARE_PRIVATE_EXTERN = NO;
				GCC_OPTIMIZATION_LEVEL = 2;
				GCC_PREPROCESSOR_DEFINITIONS = "'CMAKE_INTDIR=\"$(CONFIGURATION)$(EFFECTIVE_PLATFORM_NAME)\"'";
				GCC_SYMBOLS_PRIVATE_EXTERN = NO;
				INSTALL_PATH = "";
				LIBRARY_SEARCH_PATHS = "";
				OTHER_CPLUSPLUSFLAGS = "       -DNDEBUG  ";
				OTHER_LDFLAGS = (
					"-L/usr/local/opt/llvm/lib",
					"-Wl,-search_paths_first",
					"-Wl,-headerpad_max_install_names",
					/usr/local/lib/libgsl.dylib,
					/usr/local/lib/libgslcblas.dylib,
					/usr/local/lib/libboost_system.a,
					/usr/local/lib/libboost_filesystem.a,
					/usr/local/lib/libboost_program_options.a,
					/usr/local/lib/libpll.a,
					/usr/local/lib/libpll_algorithm.a,
					/usr/local/lib/libpll_tree.a,
					/usr/local/lib/libpll_util.a,
					/usr/local/lib/libpll_optimize.a,
					/usr/local/lib/libpll_msa.a,
					/usr/local/lib/libpll_binary.a,
				);
				OTHER_REZFLAGS = "";
				PRODUCT_NAME = simul;
				SECTORDER_FLAGS = "";
				SYMROOT = "/Users/seonghwanjun/Dropbox/Research/single-cell-research/repos/tumor_coal/xcode/simul";
				SYSTEM_HEADER_SEARCH_PATHS = /usr/local/include;
				USE_HEADERMAP = NO;
				WARNING_CFLAGS = (
					"-Wmost",
					"-Wno-four-char-constants",
					"-Wno-unknown-pragmas",
					"$(inherited)",
				);
			};
			name = RelWithDebInfo;
		};
		1E7BB500A2444457A2BCF92E /* MinSizeRel */ = {
			isa = XCBuildConfiguration;
			buildSettings = {
				COMBINE_HIDPI_IMAGES = YES;
				GCC_GENERATE_DEBUGGING_SYMBOLS = YES;
				GCC_INLINES_ARE_PRIVATE_EXTERN = NO;
				GCC_OPTIMIZATION_LEVEL = 0;
				GCC_PREPROCESSOR_DEFINITIONS = "'CMAKE_INTDIR=\"$(CONFIGURATION)$(EFFECTIVE_PLATFORM_NAME)\"'";
				GCC_SYMBOLS_PRIVATE_EXTERN = NO;
				INSTALL_PATH = "";
				OTHER_LDFLAGS = " ";
				OTHER_REZFLAGS = "";
				PRODUCT_NAME = install;
				SECTORDER_FLAGS = "";
				SYMROOT = "/Users/seonghwanjun/Dropbox/Research/single-cell-research/repos/tumor_coal/xcode";
				USE_HEADERMAP = NO;
				WARNING_CFLAGS = (
					"-Wmost",
					"-Wno-four-char-constants",
					"-Wno-unknown-pragmas",
					"$(inherited)",
				);
			};
			name = MinSizeRel;
		};
		38B02728708B4DB89F56502D /* RelWithDebInfo */ = {
			isa = XCBuildConfiguration;
			buildSettings = {
				COMBINE_HIDPI_IMAGES = YES;
				GCC_GENERATE_DEBUGGING_SYMBOLS = YES;
				GCC_INLINES_ARE_PRIVATE_EXTERN = NO;
				GCC_OPTIMIZATION_LEVEL = 0;
				GCC_PREPROCESSOR_DEFINITIONS = "'CMAKE_INTDIR=\"$(CONFIGURATION)$(EFFECTIVE_PLATFORM_NAME)\"'";
				GCC_SYMBOLS_PRIVATE_EXTERN = NO;
				INSTALL_PATH = "";
				OTHER_LDFLAGS = " ";
				OTHER_REZFLAGS = "";
				PRODUCT_NAME = RUN_TESTS;
				SECTORDER_FLAGS = "";
				SYMROOT = "/Users/seonghwanjun/Dropbox/Research/single-cell-research/repos/tumor_coal/xcode";
				USE_HEADERMAP = NO;
				WARNING_CFLAGS = (
					"-Wmost",
					"-Wno-four-char-constants",
					"-Wno-unknown-pragmas",
					"$(inherited)",
				);
			};
			name = RelWithDebInfo;
		};
		47EC34B9BF7E4BBF896C3069 /* MinSizeRel */ = {
			isa = XCBuildConfiguration;
			buildSettings = {
				ONLY_ACTIVE_ARCH = YES;
				SDKROOT = /Applications/Xcode.app/Contents/Developer/Platforms/MacOSX.platform/Developer/SDKs/MacOSX10.13.sdk;
				SYMROOT = "/Users/seonghwanjun/Dropbox/Research/single-cell-research/repos/tumor_coal/xcode/build";
			};
			name = MinSizeRel;
		};
		54965789EA2342E69D6C447B /* Release */ = {
			isa = XCBuildConfiguration;
			buildSettings = {
				ONLY_ACTIVE_ARCH = YES;
				SDKROOT = /Applications/Xcode.app/Contents/Developer/Platforms/MacOSX.platform/Developer/SDKs/MacOSX10.13.sdk;
				SYMROOT = "/Users/seonghwanjun/Dropbox/Research/single-cell-research/repos/tumor_coal/xcode/build";
			};
			name = Release;
		};
		6677A99E64B64AB9986BEA93 /* Release */ = {
			isa = XCBuildConfiguration;
			buildSettings = {
				COMBINE_HIDPI_IMAGES = YES;
				GCC_GENERATE_DEBUGGING_SYMBOLS = YES;
				GCC_INLINES_ARE_PRIVATE_EXTERN = NO;
				GCC_OPTIMIZATION_LEVEL = 0;
				GCC_PREPROCESSOR_DEFINITIONS = "'CMAKE_INTDIR=\"$(CONFIGURATION)$(EFFECTIVE_PLATFORM_NAME)\"'";
				GCC_SYMBOLS_PRIVATE_EXTERN = NO;
				INSTALL_PATH = "";
				OTHER_LDFLAGS = " ";
				OTHER_REZFLAGS = "";
				PRODUCT_NAME = ALL_BUILD;
				SECTORDER_FLAGS = "";
				SYMROOT = "/Users/seonghwanjun/Dropbox/Research/single-cell-research/repos/tumor_coal/xcode";
				USE_HEADERMAP = NO;
				WARNING_CFLAGS = (
					"-Wmost",
					"-Wno-four-char-constants",
					"-Wno-unknown-pragmas",
					"$(inherited)",
				);
			};
			name = Release;
		};
		6B8DBCAF522F40BD9D5C18B1 /* Debug */ = {
			isa = XCBuildConfiguration;
			buildSettings = {
				ONLY_ACTIVE_ARCH = YES;
				SDKROOT = /Applications/Xcode.app/Contents/Developer/Platforms/MacOSX.platform/Developer/SDKs/MacOSX10.13.sdk;
				SYMROOT = "/Users/seonghwanjun/Dropbox/Research/single-cell-research/repos/tumor_coal/xcode/build";
			};
			name = Debug;
		};
		736FA2365D5F43C1A9267C2F /* Release */ = {
			isa = XCBuildConfiguration;
			buildSettings = {
				COMBINE_HIDPI_IMAGES = YES;
				EXECUTABLE_PREFIX = "";
				EXECUTABLE_SUFFIX = "";
				GCC_GENERATE_DEBUGGING_SYMBOLS = NO;
				GCC_INLINES_ARE_PRIVATE_EXTERN = NO;
				GCC_OPTIMIZATION_LEVEL = 3;
				GCC_PREPROCESSOR_DEFINITIONS = "'CMAKE_INTDIR=\"$(CONFIGURATION)$(EFFECTIVE_PLATFORM_NAME)\"'";
				GCC_SYMBOLS_PRIVATE_EXTERN = NO;
				INSTALL_PATH = "";
				LIBRARY_SEARCH_PATHS = "";
				OTHER_CPLUSPLUSFLAGS = "    -DNDEBUG  ";
				OTHER_LDFLAGS = (
					"-L/usr/local/opt/llvm/lib",
					"-Wl,-search_paths_first",
					"-Wl,-headerpad_max_install_names",
					/usr/local/lib/libgsl.dylib,
					/usr/local/lib/libgslcblas.dylib,
					/usr/local/lib/libboost_system.a,
					/usr/local/lib/libboost_filesystem.a,
					/usr/local/lib/libboost_program_options.a,
					/usr/local/lib/libpll.a,
					/usr/local/lib/libpll_algorithm.a,
					/usr/local/lib/libpll_tree.a,
					/usr/local/lib/libpll_util.a,
					/usr/local/lib/libpll_optimize.a,
					/usr/local/lib/libpll_msa.a,
					/usr/local/lib/libpll_binary.a,
				);
				OTHER_REZFLAGS = "";
				PRODUCT_NAME = simul;
				SECTORDER_FLAGS = "";
				SYMROOT = "/Users/seonghwanjun/Dropbox/Research/single-cell-research/repos/tumor_coal/xcode/simul";
				SYSTEM_HEADER_SEARCH_PATHS = /usr/local/include;
				USE_HEADERMAP = NO;
				WARNING_CFLAGS = (
					"-Wmost",
					"-Wno-four-char-constants",
					"-Wno-unknown-pragmas",
					"$(inherited)",
				);
			};
			name = Release;
		};
		763D6325579446069FD1A4B4 /* MinSizeRel */ = {
			isa = XCBuildConfiguration;
			buildSettings = {
				COMBINE_HIDPI_IMAGES = YES;
				GCC_GENERATE_DEBUGGING_SYMBOLS = YES;
				GCC_INLINES_ARE_PRIVATE_EXTERN = NO;
				GCC_OPTIMIZATION_LEVEL = 0;
				GCC_PREPROCESSOR_DEFINITIONS = "'CMAKE_INTDIR=\"$(CONFIGURATION)$(EFFECTIVE_PLATFORM_NAME)\"'";
				GCC_SYMBOLS_PRIVATE_EXTERN = NO;
				INSTALL_PATH = "";
				OTHER_LDFLAGS = " ";
				OTHER_REZFLAGS = "";
				PRODUCT_NAME = ALL_BUILD;
				SECTORDER_FLAGS = "";
				SYMROOT = "/Users/seonghwanjun/Dropbox/Research/single-cell-research/repos/tumor_coal/xcode";
				USE_HEADERMAP = NO;
				WARNING_CFLAGS = (
					"-Wmost",
					"-Wno-four-char-constants",
					"-Wno-unknown-pragmas",
					"$(inherited)",
				);
			};
			name = MinSizeRel;
		};
		79629E6DAA2148BBB7CF09B8 /* MinSizeRel */ = {
			isa = XCBuildConfiguration;
			buildSettings = {
				COMBINE_HIDPI_IMAGES = YES;
				GCC_GENERATE_DEBUGGING_SYMBOLS = YES;
				GCC_INLINES_ARE_PRIVATE_EXTERN = NO;
				GCC_OPTIMIZATION_LEVEL = 0;
				GCC_PREPROCESSOR_DEFINITIONS = "'CMAKE_INTDIR=\"$(CONFIGURATION)$(EFFECTIVE_PLATFORM_NAME)\"'";
				GCC_SYMBOLS_PRIVATE_EXTERN = NO;
				INSTALL_PATH = "";
				OTHER_LDFLAGS = " ";
				OTHER_REZFLAGS = "";
				PRODUCT_NAME = ZERO_CHECK;
				SECTORDER_FLAGS = "";
				SYMROOT = "/Users/seonghwanjun/Dropbox/Research/single-cell-research/repos/tumor_coal/xcode";
				USE_HEADERMAP = NO;
				WARNING_CFLAGS = (
					"-Wmost",
					"-Wno-four-char-constants",
					"-Wno-unknown-pragmas",
					"$(inherited)",
				);
			};
			name = MinSizeRel;
		};
		7B9D34574DD240199C77BB3F /* Debug */ = {
			isa = XCBuildConfiguration;
			buildSettings = {
				COMBINE_HIDPI_IMAGES = YES;
				GCC_GENERATE_DEBUGGING_SYMBOLS = YES;
				GCC_INLINES_ARE_PRIVATE_EXTERN = NO;
				GCC_OPTIMIZATION_LEVEL = 0;
				GCC_PREPROCESSOR_DEFINITIONS = "'CMAKE_INTDIR=\"$(CONFIGURATION)$(EFFECTIVE_PLATFORM_NAME)\"'";
				GCC_SYMBOLS_PRIVATE_EXTERN = NO;
				INSTALL_PATH = "";
				OTHER_LDFLAGS = " ";
				OTHER_REZFLAGS = "";
				PRODUCT_NAME = ZERO_CHECK;
				SECTORDER_FLAGS = "";
				SYMROOT = "/Users/seonghwanjun/Dropbox/Research/single-cell-research/repos/tumor_coal/xcode";
				USE_HEADERMAP = NO;
				WARNING_CFLAGS = (
					"-Wmost",
					"-Wno-four-char-constants",
					"-Wno-unknown-pragmas",
					"$(inherited)",
				);
			};
			name = Debug;
		};
		83E2521093A448568EBC2E3B /* Release */ = {
			isa = XCBuildConfiguration;
			buildSettings = {
				COMBINE_HIDPI_IMAGES = YES;
				GCC_GENERATE_DEBUGGING_SYMBOLS = YES;
				GCC_INLINES_ARE_PRIVATE_EXTERN = NO;
				GCC_OPTIMIZATION_LEVEL = 0;
				GCC_PREPROCESSOR_DEFINITIONS = "'CMAKE_INTDIR=\"$(CONFIGURATION)$(EFFECTIVE_PLATFORM_NAME)\"'";
				GCC_SYMBOLS_PRIVATE_EXTERN = NO;
				INSTALL_PATH = "";
				OTHER_LDFLAGS = " ";
				OTHER_REZFLAGS = "";
				PRODUCT_NAME = ZERO_CHECK;
				SECTORDER_FLAGS = "";
				SYMROOT = "/Users/seonghwanjun/Dropbox/Research/single-cell-research/repos/tumor_coal/xcode";
				USE_HEADERMAP = NO;
				WARNING_CFLAGS = (
					"-Wmost",
					"-Wno-four-char-constants",
					"-Wno-unknown-pragmas",
					"$(inherited)",
				);
			};
			name = Release;
		};
		88286693872E48C6856EF7CE /* MinSizeRel */ = {
			isa = XCBuildConfiguration;
			buildSettings = {
				COMBINE_HIDPI_IMAGES = YES;
				GCC_GENERATE_DEBUGGING_SYMBOLS = YES;
				GCC_INLINES_ARE_PRIVATE_EXTERN = NO;
				GCC_OPTIMIZATION_LEVEL = 0;
				GCC_PREPROCESSOR_DEFINITIONS = "'CMAKE_INTDIR=\"$(CONFIGURATION)$(EFFECTIVE_PLATFORM_NAME)\"'";
				GCC_SYMBOLS_PRIVATE_EXTERN = NO;
				INSTALL_PATH = "";
				OTHER_LDFLAGS = " ";
				OTHER_REZFLAGS = "";
				PRODUCT_NAME = RUN_TESTS;
				SECTORDER_FLAGS = "";
				SYMROOT = "/Users/seonghwanjun/Dropbox/Research/single-cell-research/repos/tumor_coal/xcode";
				USE_HEADERMAP = NO;
				WARNING_CFLAGS = (
					"-Wmost",
					"-Wno-four-char-constants",
					"-Wno-unknown-pragmas",
					"$(inherited)",
				);
			};
			name = MinSizeRel;
		};
		9E781C2048FE47DFA27E04EC /* Release */ = {
			isa = XCBuildConfiguration;
			buildSettings = {
				COMBINE_HIDPI_IMAGES = YES;
				GCC_GENERATE_DEBUGGING_SYMBOLS = YES;
				GCC_INLINES_ARE_PRIVATE_EXTERN = NO;
				GCC_OPTIMIZATION_LEVEL = 0;
				GCC_PREPROCESSOR_DEFINITIONS = "'CMAKE_INTDIR=\"$(CONFIGURATION)$(EFFECTIVE_PLATFORM_NAME)\"'";
				GCC_SYMBOLS_PRIVATE_EXTERN = NO;
				INSTALL_PATH = "";
				OTHER_LDFLAGS = " ";
				OTHER_REZFLAGS = "";
				PRODUCT_NAME = install;
				SECTORDER_FLAGS = "";
				SYMROOT = "/Users/seonghwanjun/Dropbox/Research/single-cell-research/repos/tumor_coal/xcode";
				USE_HEADERMAP = NO;
				WARNING_CFLAGS = (
					"-Wmost",
					"-Wno-four-char-constants",
					"-Wno-unknown-pragmas",
					"$(inherited)",
				);
			};
			name = Release;
		};
		B33A44C4DD824DE7B819CEFE /* MinSizeRel */ = {
			isa = XCBuildConfiguration;
			buildSettings = {
				COMBINE_HIDPI_IMAGES = YES;
				EXECUTABLE_PREFIX = "";
				EXECUTABLE_SUFFIX = "";
				GCC_GENERATE_DEBUGGING_SYMBOLS = NO;
				GCC_INLINES_ARE_PRIVATE_EXTERN = NO;
				GCC_OPTIMIZATION_LEVEL = s;
				GCC_PREPROCESSOR_DEFINITIONS = "'CMAKE_INTDIR=\"$(CONFIGURATION)$(EFFECTIVE_PLATFORM_NAME)\"'";
				GCC_SYMBOLS_PRIVATE_EXTERN = NO;
				INSTALL_PATH = "";
				LIBRARY_SEARCH_PATHS = "";
				OTHER_CPLUSPLUSFLAGS = "    -DNDEBUG  ";
				OTHER_LDFLAGS = (
					"-L/usr/local/opt/llvm/lib",
					"-Wl,-search_paths_first",
					"-Wl,-headerpad_max_install_names",
					/usr/local/lib/libgsl.dylib,
					/usr/local/lib/libgslcblas.dylib,
					/usr/local/lib/libboost_system.a,
					/usr/local/lib/libboost_filesystem.a,
					/usr/local/lib/libboost_program_options.a,
					/usr/local/lib/libpll.a,
					/usr/local/lib/libpll_algorithm.a,
					/usr/local/lib/libpll_tree.a,
					/usr/local/lib/libpll_util.a,
					/usr/local/lib/libpll_optimize.a,
					/usr/local/lib/libpll_msa.a,
					/usr/local/lib/libpll_binary.a,
				);
				OTHER_REZFLAGS = "";
				PRODUCT_NAME = simul;
				SECTORDER_FLAGS = "";
				SYMROOT = "/Users/seonghwanjun/Dropbox/Research/single-cell-research/repos/tumor_coal/xcode/simul";
				SYSTEM_HEADER_SEARCH_PATHS = /usr/local/include;
				USE_HEADERMAP = NO;
				WARNING_CFLAGS = (
					"-Wmost",
					"-Wno-four-char-constants",
					"-Wno-unknown-pragmas",
					"$(inherited)",
				);
			};
			name = MinSizeRel;
		};
		B5FEDCC57EE44CE9A54AB2AF /* Debug */ = {
			isa = XCBuildConfiguration;
			buildSettings = {
				COMBINE_HIDPI_IMAGES = YES;
				GCC_GENERATE_DEBUGGING_SYMBOLS = YES;
				GCC_INLINES_ARE_PRIVATE_EXTERN = NO;
				GCC_OPTIMIZATION_LEVEL = 0;
				GCC_PREPROCESSOR_DEFINITIONS = "'CMAKE_INTDIR=\"$(CONFIGURATION)$(EFFECTIVE_PLATFORM_NAME)\"'";
				GCC_SYMBOLS_PRIVATE_EXTERN = NO;
				INSTALL_PATH = "";
				OTHER_LDFLAGS = " ";
				OTHER_REZFLAGS = "";
				PRODUCT_NAME = ALL_BUILD;
				SECTORDER_FLAGS = "";
				SYMROOT = "/Users/seonghwanjun/Dropbox/Research/single-cell-research/repos/tumor_coal/xcode";
				USE_HEADERMAP = NO;
				WARNING_CFLAGS = (
					"-Wmost",
					"-Wno-four-char-constants",
					"-Wno-unknown-pragmas",
					"$(inherited)",
				);
			};
			name = Debug;
		};
		BA76A8D7D3A04D60AFDDA5F1 /* Debug */ = {
			isa = XCBuildConfiguration;
			buildSettings = {
				COMBINE_HIDPI_IMAGES = YES;
				GCC_GENERATE_DEBUGGING_SYMBOLS = YES;
				GCC_INLINES_ARE_PRIVATE_EXTERN = NO;
				GCC_OPTIMIZATION_LEVEL = 0;
				GCC_PREPROCESSOR_DEFINITIONS = "'CMAKE_INTDIR=\"$(CONFIGURATION)$(EFFECTIVE_PLATFORM_NAME)\"'";
				GCC_SYMBOLS_PRIVATE_EXTERN = NO;
				INSTALL_PATH = "";
				OTHER_LDFLAGS = " ";
				OTHER_REZFLAGS = "";
				PRODUCT_NAME = install;
				SECTORDER_FLAGS = "";
				SYMROOT = "/Users/seonghwanjun/Dropbox/Research/single-cell-research/repos/tumor_coal/xcode";
				USE_HEADERMAP = NO;
				WARNING_CFLAGS = (
					"-Wmost",
					"-Wno-four-char-constants",
					"-Wno-unknown-pragmas",
					"$(inherited)",
				);
			};
			name = Debug;
		};
		C045A1E287CE45A48876B934 /* Release */ = {
			isa = XCBuildConfiguration;
			buildSettings = {
				COMBINE_HIDPI_IMAGES = YES;
				GCC_GENERATE_DEBUGGING_SYMBOLS = YES;
				GCC_INLINES_ARE_PRIVATE_EXTERN = NO;
				GCC_OPTIMIZATION_LEVEL = 0;
				GCC_PREPROCESSOR_DEFINITIONS = "'CMAKE_INTDIR=\"$(CONFIGURATION)$(EFFECTIVE_PLATFORM_NAME)\"'";
				GCC_SYMBOLS_PRIVATE_EXTERN = NO;
				INSTALL_PATH = "";
				OTHER_LDFLAGS = " ";
				OTHER_REZFLAGS = "";
				PRODUCT_NAME = RUN_TESTS;
				SECTORDER_FLAGS = "";
				SYMROOT = "/Users/seonghwanjun/Dropbox/Research/single-cell-research/repos/tumor_coal/xcode";
				USE_HEADERMAP = NO;
				WARNING_CFLAGS = (
					"-Wmost",
					"-Wno-four-char-constants",
					"-Wno-unknown-pragmas",
					"$(inherited)",
				);
			};
			name = Release;
		};
		D2886F9D786A4E7881E16421 /* RelWithDebInfo */ = {
			isa = XCBuildConfiguration;
			buildSettings = {
				COMBINE_HIDPI_IMAGES = YES;
				GCC_GENERATE_DEBUGGING_SYMBOLS = YES;
				GCC_INLINES_ARE_PRIVATE_EXTERN = NO;
				GCC_OPTIMIZATION_LEVEL = 0;
				GCC_PREPROCESSOR_DEFINITIONS = "'CMAKE_INTDIR=\"$(CONFIGURATION)$(EFFECTIVE_PLATFORM_NAME)\"'";
				GCC_SYMBOLS_PRIVATE_EXTERN = NO;
				INSTALL_PATH = "";
				OTHER_LDFLAGS = " ";
				OTHER_REZFLAGS = "";
				PRODUCT_NAME = ALL_BUILD;
				SECTORDER_FLAGS = "";
				SYMROOT = "/Users/seonghwanjun/Dropbox/Research/single-cell-research/repos/tumor_coal/xcode";
				USE_HEADERMAP = NO;
				WARNING_CFLAGS = (
					"-Wmost",
					"-Wno-four-char-constants",
					"-Wno-unknown-pragmas",
					"$(inherited)",
				);
			};
			name = RelWithDebInfo;
		};
		D2F04049A50B4FD7884930A7 /* RelWithDebInfo */ = {
			isa = XCBuildConfiguration;
			buildSettings = {
				COMBINE_HIDPI_IMAGES = YES;
				GCC_GENERATE_DEBUGGING_SYMBOLS = YES;
				GCC_INLINES_ARE_PRIVATE_EXTERN = NO;
				GCC_OPTIMIZATION_LEVEL = 0;
				GCC_PREPROCESSOR_DEFINITIONS = "'CMAKE_INTDIR=\"$(CONFIGURATION)$(EFFECTIVE_PLATFORM_NAME)\"'";
				GCC_SYMBOLS_PRIVATE_EXTERN = NO;
				INSTALL_PATH = "";
				OTHER_LDFLAGS = " ";
				OTHER_REZFLAGS = "";
				PRODUCT_NAME = install;
				SECTORDER_FLAGS = "";
				SYMROOT = "/Users/seonghwanjun/Dropbox/Research/single-cell-research/repos/tumor_coal/xcode";
				USE_HEADERMAP = NO;
				WARNING_CFLAGS = (
					"-Wmost",
					"-Wno-four-char-constants",
					"-Wno-unknown-pragmas",
					"$(inherited)",
				);
			};
			name = RelWithDebInfo;
		};
		F182EC63D92645A8A3ED79E4 /* RelWithDebInfo */ = {
			isa = XCBuildConfiguration;
			buildSettings = {
				COMBINE_HIDPI_IMAGES = YES;
				GCC_GENERATE_DEBUGGING_SYMBOLS = YES;
				GCC_INLINES_ARE_PRIVATE_EXTERN = NO;
				GCC_OPTIMIZATION_LEVEL = 0;
				GCC_PREPROCESSOR_DEFINITIONS = "'CMAKE_INTDIR=\"$(CONFIGURATION)$(EFFECTIVE_PLATFORM_NAME)\"'";
				GCC_SYMBOLS_PRIVATE_EXTERN = NO;
				INSTALL_PATH = "";
				OTHER_LDFLAGS = " ";
				OTHER_REZFLAGS = "";
				PRODUCT_NAME = ZERO_CHECK;
				SECTORDER_FLAGS = "";
				SYMROOT = "/Users/seonghwanjun/Dropbox/Research/single-cell-research/repos/tumor_coal/xcode";
				USE_HEADERMAP = NO;
				WARNING_CFLAGS = (
					"-Wmost",
					"-Wno-four-char-constants",
					"-Wno-unknown-pragmas",
					"$(inherited)",
				);
			};
			name = RelWithDebInfo;
		};
		FF2A7B4D0D8749BFAF4439CE /* Debug */ = {
			isa = XCBuildConfiguration;
			buildSettings = {
				COMBINE_HIDPI_IMAGES = YES;
				EXECUTABLE_PREFIX = "";
				EXECUTABLE_SUFFIX = "";
				GCC_GENERATE_DEBUGGING_SYMBOLS = YES;
				GCC_INLINES_ARE_PRIVATE_EXTERN = NO;
				GCC_OPTIMIZATION_LEVEL = 0;
				GCC_PREPROCESSOR_DEFINITIONS = "'CMAKE_INTDIR=\"$(CONFIGURATION)$(EFFECTIVE_PLATFORM_NAME)\"'";
				GCC_SYMBOLS_PRIVATE_EXTERN = NO;
				INSTALL_PATH = "";
				LIBRARY_SEARCH_PATHS = "";
				OTHER_CPLUSPLUSFLAGS = "    ";
				OTHER_LDFLAGS = (
					"-L/usr/local/opt/llvm/lib",
					"-Wl,-search_paths_first",
					"-Wl,-headerpad_max_install_names",
					/usr/local/lib/libgsl.dylib,
					/usr/local/lib/libgslcblas.dylib,
					/usr/local/lib/libboost_system.a,
					/usr/local/lib/libboost_filesystem.a,
					/usr/local/lib/libboost_program_options.a,
					/usr/local/lib/libpll.a,
					/usr/local/lib/libpll_algorithm.a,
					/usr/local/lib/libpll_tree.a,
					/usr/local/lib/libpll_util.a,
					/usr/local/lib/libpll_optimize.a,
					/usr/local/lib/libpll_msa.a,
					/usr/local/lib/libpll_binary.a,
				);
				OTHER_REZFLAGS = "";
				PRODUCT_NAME = simul;
				SECTORDER_FLAGS = "";
				SYMROOT = "/Users/seonghwanjun/Dropbox/Research/single-cell-research/repos/tumor_coal/xcode/simul";
				SYSTEM_HEADER_SEARCH_PATHS = /usr/local/include;
				USE_HEADERMAP = NO;
				WARNING_CFLAGS = (
					"-Wmost",
					"-Wno-four-char-constants",
					"-Wno-unknown-pragmas",
					"$(inherited)",
				);
			};
			name = Debug;
		};
/* End XCBuildConfiguration section */

/* Begin XCConfigurationList section */
		6E1978C6A2BE4F898EC80442 /* Build configuration list for PBXProject "tumor_coal" */ = {
			isa = XCConfigurationList;
			buildConfigurations = (
				6B8DBCAF522F40BD9D5C18B1 /* Debug */,
				54965789EA2342E69D6C447B /* Release */,
				47EC34B9BF7E4BBF896C3069 /* MinSizeRel */,
				06DC83B86A0643E0B5201CB6 /* RelWithDebInfo */,
			);
			defaultConfigurationIsVisible = 0;
			defaultConfigurationName = Debug;
		};
		7149A24E82684CC2A49C531E /* Build configuration list for PBXNativeTarget "simul" */ = {
			isa = XCConfigurationList;
			buildConfigurations = (
				FF2A7B4D0D8749BFAF4439CE /* Debug */,
				736FA2365D5F43C1A9267C2F /* Release */,
				B33A44C4DD824DE7B819CEFE /* MinSizeRel */,
				16D66C7F1100401BA1AAA25D /* RelWithDebInfo */,
			);
			defaultConfigurationIsVisible = 0;
			defaultConfigurationName = Debug;
		};
		7D328641B3744146A96AA2DF /* Build configuration list for PBXAggregateTarget "ZERO_CHECK" */ = {
			isa = XCConfigurationList;
			buildConfigurations = (
				7B9D34574DD240199C77BB3F /* Debug */,
				83E2521093A448568EBC2E3B /* Release */,
				79629E6DAA2148BBB7CF09B8 /* MinSizeRel */,
				F182EC63D92645A8A3ED79E4 /* RelWithDebInfo */,
			);
			defaultConfigurationIsVisible = 0;
			defaultConfigurationName = Debug;
		};
		838D5FBB92804448A3C057B5 /* Build configuration list for PBXAggregateTarget "RUN_TESTS" */ = {
			isa = XCConfigurationList;
			buildConfigurations = (
				0F77A57E569147A4BD600009 /* Debug */,
				C045A1E287CE45A48876B934 /* Release */,
				88286693872E48C6856EF7CE /* MinSizeRel */,
				38B02728708B4DB89F56502D /* RelWithDebInfo */,
			);
			defaultConfigurationIsVisible = 0;
			defaultConfigurationName = Debug;
		};
		AAFFD39620204C9FA543DD7A /* Build configuration list for PBXAggregateTarget "ALL_BUILD" */ = {
			isa = XCConfigurationList;
			buildConfigurations = (
				B5FEDCC57EE44CE9A54AB2AF /* Debug */,
				6677A99E64B64AB9986BEA93 /* Release */,
				763D6325579446069FD1A4B4 /* MinSizeRel */,
				D2886F9D786A4E7881E16421 /* RelWithDebInfo */,
			);
			defaultConfigurationIsVisible = 0;
			defaultConfigurationName = Debug;
		};
		DD1B26D1E9F14EACA95851EE /* Build configuration list for PBXAggregateTarget "install" */ = {
			isa = XCConfigurationList;
			buildConfigurations = (
				BA76A8D7D3A04D60AFDDA5F1 /* Debug */,
				9E781C2048FE47DFA27E04EC /* Release */,
				1E7BB500A2444457A2BCF92E /* MinSizeRel */,
				D2F04049A50B4FD7884930A7 /* RelWithDebInfo */,
			);
			defaultConfigurationIsVisible = 0;
			defaultConfigurationName = Debug;
		};
/* End XCConfigurationList section */
	};
	rootObject = 38E0020158184F84A8DDC98B /* Project object */;
}
